// !$*UTF8*$!
{
	archiveVersion = 1;
	classes = {
	};
	objectVersion = 60;
	objects = {

/* Begin PBXBuildFile section */
		C11FE0E02BC6E413002D3BC3 /* AppDelegate.swift in Sources */ = {isa = PBXBuildFile; fileRef = C11FE0DF2BC6E413002D3BC3 /* AppDelegate.swift */; };
		C11FE0E92BC6E415002D3BC3 /* Assets.xcassets in Resources */ = {isa = PBXBuildFile; fileRef = C11FE0E82BC6E415002D3BC3 /* Assets.xcassets */; };
		C11FE0EC2BC6E415002D3BC3 /* LaunchScreen.storyboard in Resources */ = {isa = PBXBuildFile; fileRef = C11FE0EA2BC6E415002D3BC3 /* LaunchScreen.storyboard */; };
		C1244C162BDDCA970099F313 /* ExpolistService.swift in Sources */ = {isa = PBXBuildFile; fileRef = C1244C152BDDCA970099F313 /* ExpolistService.swift */; };
		C1244C192BDDCB600099F313 /* DateFormatter+Extensions.swift in Sources */ = {isa = PBXBuildFile; fileRef = C1244C182BDDCB600099F313 /* DateFormatter+Extensions.swift */; };
		C1244C1E2BDDCF940099F313 /* ExpiredProductsViewController.swift in Sources */ = {isa = PBXBuildFile; fileRef = C1244C1C2BDDCF940099F313 /* ExpiredProductsViewController.swift */; };
		C1244C1F2BDDCF940099F313 /* ExpiredProductsViewController.xib in Resources */ = {isa = PBXBuildFile; fileRef = C1244C1D2BDDCF940099F313 /* ExpiredProductsViewController.xib */; };
		C1244C212BDDD0AF0099F313 /* Reusable.swift in Sources */ = {isa = PBXBuildFile; fileRef = C1244C202BDDD0AF0099F313 /* Reusable.swift */; };
		C1244C232BDDD19D0099F313 /* ViewController+Extension.swift in Sources */ = {isa = PBXBuildFile; fileRef = C1244C222BDDD19D0099F313 /* ViewController+Extension.swift */; };
		C1244C262BDDD1EE0099F313 /* MBProgressHUD in Frameworks */ = {isa = PBXBuildFile; productRef = C1244C252BDDD1EE0099F313 /* MBProgressHUD */; };
		C1244C2A2BDDD6BE0099F313 /* ExpolistTabBarController.swift in Sources */ = {isa = PBXBuildFile; fileRef = C1244C292BDDD6BE0099F313 /* ExpolistTabBarController.swift */; };
		C1244C2C2BDDE01C0099F313 /* ExpiredProductsViewModel.swift in Sources */ = {isa = PBXBuildFile; fileRef = C1244C2B2BDDE01C0099F313 /* ExpiredProductsViewModel.swift */; };
		C1244C2D2BDDE2820099F313 /* Products.json in Resources */ = {isa = PBXBuildFile; fileRef = C129FD092BDD9D62002440EB /* Products.json */; };
		C1244C312BDDE6B50099F313 /* ProductTableCell.swift in Sources */ = {isa = PBXBuildFile; fileRef = C1244C2F2BDDE6B50099F313 /* ProductTableCell.swift */; };
		C1244C322BDDE6B50099F313 /* ProductTableCell.xib in Resources */ = {isa = PBXBuildFile; fileRef = C1244C302BDDE6B50099F313 /* ProductTableCell.xib */; };
		C1244C342BDDE81A0099F313 /* UITableView+Extensions.swift in Sources */ = {isa = PBXBuildFile; fileRef = C1244C332BDDE81A0099F313 /* UITableView+Extensions.swift */; };
		C1244C372BE2F51B0099F313 /* UIView+Extensions.swift in Sources */ = {isa = PBXBuildFile; fileRef = C1244C362BE2F51B0099F313 /* UIView+Extensions.swift */; };
		C1244C3C2BE2F5FB0099F313 /* LocationsViewController.swift in Sources */ = {isa = PBXBuildFile; fileRef = C1244C3A2BE2F5FB0099F313 /* LocationsViewController.swift */; };
		C1244C3D2BE2F5FB0099F313 /* LocationsViewController.xib in Resources */ = {isa = PBXBuildFile; fileRef = C1244C3B2BE2F5FB0099F313 /* LocationsViewController.xib */; };
		C1244C3F2BE322A50099F313 /* StoreService.swift in Sources */ = {isa = PBXBuildFile; fileRef = C1244C3E2BE322A50099F313 /* StoreService.swift */; };
		C1244C422BE331540099F313 /* LocationsViewModel.swift in Sources */ = {isa = PBXBuildFile; fileRef = C1244C412BE331540099F313 /* LocationsViewModel.swift */; };
		C129FD0C2BDDC21B002440EB /* ProductService.swift in Sources */ = {isa = PBXBuildFile; fileRef = C129FD0B2BDDC21B002440EB /* ProductService.swift */; };
		C129FD0F2BDDC2BF002440EB /* Product.swift in Sources */ = {isa = PBXBuildFile; fileRef = C129FD0E2BDDC2BF002440EB /* Product.swift */; };
		C1561E9A2BE71E3600690952 /* GroceryListsViewModel.swift in Sources */ = {isa = PBXBuildFile; fileRef = C1561E992BE71E3600690952 /* GroceryListsViewModel.swift */; };
		C1561E9C2BE71FC600690952 /* GroceryListViewModel.swift in Sources */ = {isa = PBXBuildFile; fileRef = C1561E9B2BE71FC600690952 /* GroceryListViewModel.swift */; };
		C1561E9F2BE7E2C000690952 /* GroceryListCell.xib in Resources */ = {isa = PBXBuildFile; fileRef = C1561E9E2BE7E2C000690952 /* GroceryListCell.xib */; };
		C1561EA02BE7E2C000690952 /* GroceryListCell.swift in Sources */ = {isa = PBXBuildFile; fileRef = C1561E9D2BE7E2C000690952 /* GroceryListCell.swift */; };
		C1561EA42BE7E8E500690952 /* CircleMember.swift in Sources */ = {isa = PBXBuildFile; fileRef = C1561EA32BE7E8E500690952 /* CircleMember.swift */; };
		C1561EA82BE7E98100690952 /* CircleMembersViewController.xib in Resources */ = {isa = PBXBuildFile; fileRef = C1561EA72BE7E98100690952 /* CircleMembersViewController.xib */; };
		C1561EA92BE7E98100690952 /* CircleMembersViewController.swift in Sources */ = {isa = PBXBuildFile; fileRef = C1561EA62BE7E98100690952 /* CircleMembersViewController.swift */; };
		C1561EAB2BE7F10F00690952 /* CircleMemberService.swift in Sources */ = {isa = PBXBuildFile; fileRef = C1561EAA2BE7F10F00690952 /* CircleMemberService.swift */; };
		C1561EAE2BE7F3FE00690952 /* CircleMemberViewModel.swift in Sources */ = {isa = PBXBuildFile; fileRef = C1561EAD2BE7F3FE00690952 /* CircleMemberViewModel.swift */; };
		C1561EB12BE7FC3C00690952 /* CircleMemberCell.xib in Resources */ = {isa = PBXBuildFile; fileRef = C1561EB02BE7FC3C00690952 /* CircleMemberCell.xib */; };
		C1561EB22BE7FC3C00690952 /* CircleMemberCell.swift in Sources */ = {isa = PBXBuildFile; fileRef = C1561EAF2BE7FC3C00690952 /* CircleMemberCell.swift */; };
		C1D5A3C82BE46315007DCD53 /* GroceryListsViewController.swift in Sources */ = {isa = PBXBuildFile; fileRef = C1D5A3C62BE46315007DCD53 /* GroceryListsViewController.swift */; };
		C1D5A3C92BE46315007DCD53 /* GroceryListsViewController.xib in Resources */ = {isa = PBXBuildFile; fileRef = C1D5A3C72BE46315007DCD53 /* GroceryListsViewController.xib */; };
		C1D5A3CF2BE46AF3007DCD53 /* GroceryList.swift in Sources */ = {isa = PBXBuildFile; fileRef = C1D5A3CE2BE46AF3007DCD53 /* GroceryList.swift */; };
		C1D5A3D12BE46D1F007DCD53 /* GroceryService.swift in Sources */ = {isa = PBXBuildFile; fileRef = C1D5A3D02BE46D1F007DCD53 /* GroceryService.swift */; };
		C1E3C90B2BE6FA7B00AD8BE3 /* GroceryListsCell.swift in Sources */ = {isa = PBXBuildFile; fileRef = C1E3C9092BE6FA7B00AD8BE3 /* GroceryListsCell.swift */; };
		C1E3C90C2BE6FA7B00AD8BE3 /* GroceryListsCell.xib in Resources */ = {isa = PBXBuildFile; fileRef = C1E3C90A2BE6FA7B00AD8BE3 /* GroceryListsCell.xib */; };
		C1E3C90F2BE7129900AD8BE3 /* GroceryListViewController.swift in Sources */ = {isa = PBXBuildFile; fileRef = C1E3C90D2BE7129900AD8BE3 /* GroceryListViewController.swift */; };
		C1E3C9102BE7129900AD8BE3 /* GroceryListViewController.xib in Resources */ = {isa = PBXBuildFile; fileRef = C1E3C90E2BE7129900AD8BE3 /* GroceryListViewController.xib */; };
/* End PBXBuildFile section */

/* Begin PBXFileReference section */
		C11FE0DC2BC6E413002D3BC3 /* Expolist.app */ = {isa = PBXFileReference; explicitFileType = wrapper.application; includeInIndex = 0; path = Expolist.app; sourceTree = BUILT_PRODUCTS_DIR; };
		C11FE0DF2BC6E413002D3BC3 /* AppDelegate.swift */ = {isa = PBXFileReference; lastKnownFileType = sourcecode.swift; path = AppDelegate.swift; sourceTree = "<group>"; };
		C11FE0E82BC6E415002D3BC3 /* Assets.xcassets */ = {isa = PBXFileReference; lastKnownFileType = folder.assetcatalog; path = Assets.xcassets; sourceTree = "<group>"; };
		C11FE0EB2BC6E415002D3BC3 /* Base */ = {isa = PBXFileReference; lastKnownFileType = file.storyboard; name = Base; path = Base.lproj/LaunchScreen.storyboard; sourceTree = "<group>"; };
		C11FE0ED2BC6E415002D3BC3 /* Info.plist */ = {isa = PBXFileReference; lastKnownFileType = text.plist.xml; path = Info.plist; sourceTree = "<group>"; };
		C1244C152BDDCA970099F313 /* ExpolistService.swift */ = {isa = PBXFileReference; lastKnownFileType = sourcecode.swift; path = ExpolistService.swift; sourceTree = "<group>"; };
		C1244C182BDDCB600099F313 /* DateFormatter+Extensions.swift */ = {isa = PBXFileReference; lastKnownFileType = sourcecode.swift; path = "DateFormatter+Extensions.swift"; sourceTree = "<group>"; };
		C1244C1C2BDDCF940099F313 /* ExpiredProductsViewController.swift */ = {isa = PBXFileReference; lastKnownFileType = sourcecode.swift; path = ExpiredProductsViewController.swift; sourceTree = "<group>"; };
		C1244C1D2BDDCF940099F313 /* ExpiredProductsViewController.xib */ = {isa = PBXFileReference; lastKnownFileType = file.xib; path = ExpiredProductsViewController.xib; sourceTree = "<group>"; };
		C1244C202BDDD0AF0099F313 /* Reusable.swift */ = {isa = PBXFileReference; lastKnownFileType = sourcecode.swift; path = Reusable.swift; sourceTree = "<group>"; };
		C1244C222BDDD19D0099F313 /* ViewController+Extension.swift */ = {isa = PBXFileReference; lastKnownFileType = sourcecode.swift; path = "ViewController+Extension.swift"; sourceTree = "<group>"; };
		C1244C292BDDD6BE0099F313 /* ExpolistTabBarController.swift */ = {isa = PBXFileReference; lastKnownFileType = sourcecode.swift; path = ExpolistTabBarController.swift; sourceTree = "<group>"; };
		C1244C2B2BDDE01C0099F313 /* ExpiredProductsViewModel.swift */ = {isa = PBXFileReference; lastKnownFileType = sourcecode.swift; path = ExpiredProductsViewModel.swift; sourceTree = "<group>"; };
		C1244C2F2BDDE6B50099F313 /* ProductTableCell.swift */ = {isa = PBXFileReference; lastKnownFileType = sourcecode.swift; path = ProductTableCell.swift; sourceTree = "<group>"; };
		C1244C302BDDE6B50099F313 /* ProductTableCell.xib */ = {isa = PBXFileReference; lastKnownFileType = file.xib; path = ProductTableCell.xib; sourceTree = "<group>"; };
		C1244C332BDDE81A0099F313 /* UITableView+Extensions.swift */ = {isa = PBXFileReference; lastKnownFileType = sourcecode.swift; path = "UITableView+Extensions.swift"; sourceTree = "<group>"; };
		C1244C362BE2F51B0099F313 /* UIView+Extensions.swift */ = {isa = PBXFileReference; lastKnownFileType = sourcecode.swift; path = "UIView+Extensions.swift"; sourceTree = "<group>"; };
		C1244C3A2BE2F5FB0099F313 /* LocationsViewController.swift */ = {isa = PBXFileReference; lastKnownFileType = sourcecode.swift; path = LocationsViewController.swift; sourceTree = "<group>"; };
		C1244C3B2BE2F5FB0099F313 /* LocationsViewController.xib */ = {isa = PBXFileReference; lastKnownFileType = file.xib; path = LocationsViewController.xib; sourceTree = "<group>"; };
		C1244C3E2BE322A50099F313 /* StoreService.swift */ = {isa = PBXFileReference; lastKnownFileType = sourcecode.swift; path = StoreService.swift; sourceTree = "<group>"; };
		C1244C412BE331540099F313 /* LocationsViewModel.swift */ = {isa = PBXFileReference; lastKnownFileType = sourcecode.swift; path = LocationsViewModel.swift; sourceTree = "<group>"; };
		C129FD092BDD9D62002440EB /* Products.json */ = {isa = PBXFileReference; lastKnownFileType = text.json; path = Products.json; sourceTree = "<group>"; };
		C129FD0B2BDDC21B002440EB /* ProductService.swift */ = {isa = PBXFileReference; lastKnownFileType = sourcecode.swift; path = ProductService.swift; sourceTree = "<group>"; };
		C129FD0E2BDDC2BF002440EB /* Product.swift */ = {isa = PBXFileReference; lastKnownFileType = sourcecode.swift; path = Product.swift; sourceTree = "<group>"; };
		C1561E992BE71E3600690952 /* GroceryListsViewModel.swift */ = {isa = PBXFileReference; fileEncoding = 4; lastKnownFileType = sourcecode.swift; name = GroceryListsViewModel.swift; path = Expolist/GroceryList/ViewControllers/ViewModels/GroceryListsViewModel.swift; sourceTree = SOURCE_ROOT; };
		C1561E9B2BE71FC600690952 /* GroceryListViewModel.swift */ = {isa = PBXFileReference; lastKnownFileType = sourcecode.swift; path = GroceryListViewModel.swift; sourceTree = "<group>"; };
		C1561E9D2BE7E2C000690952 /* GroceryListCell.swift */ = {isa = PBXFileReference; lastKnownFileType = sourcecode.swift; path = GroceryListCell.swift; sourceTree = "<group>"; };
		C1561E9E2BE7E2C000690952 /* GroceryListCell.xib */ = {isa = PBXFileReference; lastKnownFileType = file.xib; path = GroceryListCell.xib; sourceTree = "<group>"; };
		C1561EA32BE7E8E500690952 /* CircleMember.swift */ = {isa = PBXFileReference; lastKnownFileType = sourcecode.swift; path = CircleMember.swift; sourceTree = "<group>"; };
		C1561EA62BE7E98100690952 /* CircleMembersViewController.swift */ = {isa = PBXFileReference; lastKnownFileType = sourcecode.swift; path = CircleMembersViewController.swift; sourceTree = "<group>"; };
		C1561EA72BE7E98100690952 /* CircleMembersViewController.xib */ = {isa = PBXFileReference; lastKnownFileType = file.xib; path = CircleMembersViewController.xib; sourceTree = "<group>"; };
		C1561EAA2BE7F10F00690952 /* CircleMemberService.swift */ = {isa = PBXFileReference; lastKnownFileType = sourcecode.swift; path = CircleMemberService.swift; sourceTree = "<group>"; };
		C1561EAD2BE7F3FE00690952 /* CircleMemberViewModel.swift */ = {isa = PBXFileReference; lastKnownFileType = sourcecode.swift; path = CircleMemberViewModel.swift; sourceTree = "<group>"; };
		C1561EAF2BE7FC3C00690952 /* CircleMemberCell.swift */ = {isa = PBXFileReference; lastKnownFileType = sourcecode.swift; path = CircleMemberCell.swift; sourceTree = "<group>"; };
		C1561EB02BE7FC3C00690952 /* CircleMemberCell.xib */ = {isa = PBXFileReference; lastKnownFileType = file.xib; path = CircleMemberCell.xib; sourceTree = "<group>"; };
		C1D5A3C62BE46315007DCD53 /* GroceryListsViewController.swift */ = {isa = PBXFileReference; lastKnownFileType = sourcecode.swift; path = GroceryListsViewController.swift; sourceTree = "<group>"; };
		C1D5A3C72BE46315007DCD53 /* GroceryListsViewController.xib */ = {isa = PBXFileReference; lastKnownFileType = file.xib; path = GroceryListsViewController.xib; sourceTree = "<group>"; };
		C1D5A3CE2BE46AF3007DCD53 /* GroceryList.swift */ = {isa = PBXFileReference; lastKnownFileType = sourcecode.swift; path = GroceryList.swift; sourceTree = "<group>"; };
		C1D5A3D02BE46D1F007DCD53 /* GroceryService.swift */ = {isa = PBXFileReference; lastKnownFileType = sourcecode.swift; path = GroceryService.swift; sourceTree = "<group>"; };
		C1E3C9092BE6FA7B00AD8BE3 /* GroceryListsCell.swift */ = {isa = PBXFileReference; lastKnownFileType = sourcecode.swift; path = GroceryListsCell.swift; sourceTree = "<group>"; };
		C1E3C90A2BE6FA7B00AD8BE3 /* GroceryListsCell.xib */ = {isa = PBXFileReference; lastKnownFileType = file.xib; path = GroceryListsCell.xib; sourceTree = "<group>"; };
		C1E3C90D2BE7129900AD8BE3 /* GroceryListViewController.swift */ = {isa = PBXFileReference; lastKnownFileType = sourcecode.swift; path = GroceryListViewController.swift; sourceTree = "<group>"; };
		C1E3C90E2BE7129900AD8BE3 /* GroceryListViewController.xib */ = {isa = PBXFileReference; lastKnownFileType = file.xib; path = GroceryListViewController.xib; sourceTree = "<group>"; };
/* End PBXFileReference section */

/* Begin PBXFrameworksBuildPhase section */
		C11FE0D92BC6E413002D3BC3 /* Frameworks */ = {
			isa = PBXFrameworksBuildPhase;
			buildActionMask = 2147483647;
			files = (
				C1244C262BDDD1EE0099F313 /* MBProgressHUD in Frameworks */,
			);
			runOnlyForDeploymentPostprocessing = 0;
		};
/* End PBXFrameworksBuildPhase section */

/* Begin PBXGroup section */
		C11FE0D32BC6E413002D3BC3 = {
			isa = PBXGroup;
			children = (
				C11FE0DE2BC6E413002D3BC3 /* Expolist */,
				C11FE0DD2BC6E413002D3BC3 /* Products */,
			);
			sourceTree = "<group>";
		};
		C11FE0DD2BC6E413002D3BC3 /* Products */ = {
			isa = PBXGroup;
			children = (
				C11FE0DC2BC6E413002D3BC3 /* Expolist.app */,
			);
			name = Products;
			sourceTree = "<group>";
		};
		C11FE0DE2BC6E413002D3BC3 /* Expolist */ = {
			isa = PBXGroup;
			children = (
				C1561EA12BE7E73900690952 /* Circles */,
				C1D5A3C42BE414A2007DCD53 /* GroceryList */,
				C1244C382BE2F5B40099F313 /* Stores */,
				C1244C282BDDD6710099F313 /* StartUp */,
				C1244C172BDDCB2B0099F313 /* Extensions */,
				C1244C142BDDCA7B0099F313 /* Protocols */,
				C129FD0A2BDDC204002440EB /* Products */,
				C129FD082BDD9CFE002440EB /* Data */,
				C11FE0E82BC6E415002D3BC3 /* Assets.xcassets */,
				C11FE0EA2BC6E415002D3BC3 /* LaunchScreen.storyboard */,
				C11FE0ED2BC6E415002D3BC3 /* Info.plist */,
			);
			path = Expolist;
			sourceTree = "<group>";
		};
		C1244C142BDDCA7B0099F313 /* Protocols */ = {
			isa = PBXGroup;
			children = (
				C1244C152BDDCA970099F313 /* ExpolistService.swift */,
				C1244C202BDDD0AF0099F313 /* Reusable.swift */,
			);
			path = Protocols;
			sourceTree = "<group>";
		};
		C1244C172BDDCB2B0099F313 /* Extensions */ = {
			isa = PBXGroup;
			children = (
				C1244C182BDDCB600099F313 /* DateFormatter+Extensions.swift */,
				C1244C222BDDD19D0099F313 /* ViewController+Extension.swift */,
				C1244C332BDDE81A0099F313 /* UITableView+Extensions.swift */,
				C1244C362BE2F51B0099F313 /* UIView+Extensions.swift */,
			);
			path = Extensions;
			sourceTree = "<group>";
		};
		C1244C1A2BDDCF5F0099F313 /* ViewControllers */ = {
			isa = PBXGroup;
			children = (
				C1244C1C2BDDCF940099F313 /* ExpiredProductsViewController.swift */,
				C1244C1D2BDDCF940099F313 /* ExpiredProductsViewController.xib */,
			);
			path = ViewControllers;
			sourceTree = "<group>";
		};
		C1244C1B2BDDCF690099F313 /* Models */ = {
			isa = PBXGroup;
			children = (
				C129FD0E2BDDC2BF002440EB /* Product.swift */,
			);
			path = Models;
			sourceTree = "<group>";
		};
		C1244C282BDDD6710099F313 /* StartUp */ = {
			isa = PBXGroup;
			children = (
				C11FE0DF2BC6E413002D3BC3 /* AppDelegate.swift */,
				C1244C292BDDD6BE0099F313 /* ExpolistTabBarController.swift */,
			);
			path = StartUp;
			sourceTree = "<group>";
		};
		C1244C2E2BDDE67D0099F313 /* Views */ = {
			isa = PBXGroup;
			children = (
				C1244C2F2BDDE6B50099F313 /* ProductTableCell.swift */,
				C1244C302BDDE6B50099F313 /* ProductTableCell.xib */,
			);
			path = Views;
			sourceTree = "<group>";
		};
		C1244C352BDDE85A0099F313 /* ViewModels */ = {
			isa = PBXGroup;
			children = (
				C1244C2B2BDDE01C0099F313 /* ExpiredProductsViewModel.swift */,
			);
			path = ViewModels;
			sourceTree = "<group>";
		};
		C1244C382BE2F5B40099F313 /* Stores */ = {
			isa = PBXGroup;
			children = (
				C1244C402BE32E7E0099F313 /* ViewModels */,
				C1244C392BE2F5C90099F313 /* ViewControllers */,
				C1244C3E2BE322A50099F313 /* StoreService.swift */,
			);
			path = Stores;
			sourceTree = "<group>";
		};
		C1244C392BE2F5C90099F313 /* ViewControllers */ = {
			isa = PBXGroup;
			children = (
				C1244C3A2BE2F5FB0099F313 /* LocationsViewController.swift */,
				C1244C3B2BE2F5FB0099F313 /* LocationsViewController.xib */,
			);
			path = ViewControllers;
			sourceTree = "<group>";
		};
		C1244C402BE32E7E0099F313 /* ViewModels */ = {
			isa = PBXGroup;
			children = (
				C1244C412BE331540099F313 /* LocationsViewModel.swift */,
			);
			path = ViewModels;
			sourceTree = "<group>";
		};
		C129FD082BDD9CFE002440EB /* Data */ = {
			isa = PBXGroup;
			children = (
				C129FD092BDD9D62002440EB /* Products.json */,
			);
			path = Data;
			sourceTree = "<group>";
		};
		C129FD0A2BDDC204002440EB /* Products */ = {
			isa = PBXGroup;
			children = (
				C1244C352BDDE85A0099F313 /* ViewModels */,
				C1244C2E2BDDE67D0099F313 /* Views */,
				C129FD0B2BDDC21B002440EB /* ProductService.swift */,
				C1244C1B2BDDCF690099F313 /* Models */,
				C1244C1A2BDDCF5F0099F313 /* ViewControllers */,
			);
			path = Products;
			sourceTree = "<group>";
		};
		C1561EA12BE7E73900690952 /* Circles */ = {
			isa = PBXGroup;
			children = (
				C1561EAC2BE7F30800690952 /* ViewModels */,
				C1561EA52BE7E95900690952 /* ViewControllers */,
				C1561EA22BE7E8CB00690952 /* Models */,
				C1561EAF2BE7FC3C00690952 /* CircleMemberCell.swift */,
				C1561EB02BE7FC3C00690952 /* CircleMemberCell.xib */,
			);
			path = Circles;
			sourceTree = "<group>";
		};
		C1561EA22BE7E8CB00690952 /* Models */ = {
			isa = PBXGroup;
			children = (
				C1561EA32BE7E8E500690952 /* CircleMember.swift */,
				C1561EAA2BE7F10F00690952 /* CircleMemberService.swift */,
			);
			path = Models;
			sourceTree = "<group>";
		};
		C1561EA52BE7E95900690952 /* ViewControllers */ = {
			isa = PBXGroup;
			children = (
				C1561EA62BE7E98100690952 /* CircleMembersViewController.swift */,
				C1561EA72BE7E98100690952 /* CircleMembersViewController.xib */,
			);
			path = ViewControllers;
			sourceTree = "<group>";
		};
		C1561EAC2BE7F30800690952 /* ViewModels */ = {
			isa = PBXGroup;
			children = (
				C1561EAD2BE7F3FE00690952 /* CircleMemberViewModel.swift */,
			);
			path = ViewModels;
			sourceTree = "<group>";
		};
		C1D5A3C42BE414A2007DCD53 /* GroceryList */ = {
			isa = PBXGroup;
			children = (
				C1E3C9082BE6F8E200AD8BE3 /* Views */,
				C1D5A3CA2BE46960007DCD53 /* ViewModels */,
				C1D5A3CD2BE46ADE007DCD53 /* Models */,
				C1D5A3C52BE462EB007DCD53 /* ViewControllers */,
			);
			path = GroceryList;
			sourceTree = "<group>";
		};
		C1D5A3C52BE462EB007DCD53 /* ViewControllers */ = {
			isa = PBXGroup;
			children = (
				C1D5A3C62BE46315007DCD53 /* GroceryListsViewController.swift */,
				C1D5A3C72BE46315007DCD53 /* GroceryListsViewController.xib */,
				C1E3C90D2BE7129900AD8BE3 /* GroceryListViewController.swift */,
				C1E3C90E2BE7129900AD8BE3 /* GroceryListViewController.xib */,
			);
			path = ViewControllers;
			sourceTree = "<group>";
		};
		C1D5A3CA2BE46960007DCD53 /* ViewModels */ = {
			isa = PBXGroup;
			children = (
				C1561E992BE71E3600690952 /* GroceryListsViewModel.swift */,
				C1561E9B2BE71FC600690952 /* GroceryListViewModel.swift */,
			);
			path = ViewModels;
			sourceTree = "<group>";
		};
		C1D5A3CD2BE46ADE007DCD53 /* Models */ = {
			isa = PBXGroup;
			children = (
				C1D5A3D02BE46D1F007DCD53 /* GroceryService.swift */,
				C1D5A3CE2BE46AF3007DCD53 /* GroceryList.swift */,
			);
			path = Models;
			sourceTree = "<group>";
		};
		C1E3C9082BE6F8E200AD8BE3 /* Views */ = {
			isa = PBXGroup;
			children = (
				C1E3C9092BE6FA7B00AD8BE3 /* GroceryListsCell.swift */,
				C1E3C90A2BE6FA7B00AD8BE3 /* GroceryListsCell.xib */,
				C1561E9D2BE7E2C000690952 /* GroceryListCell.swift */,
				C1561E9E2BE7E2C000690952 /* GroceryListCell.xib */,
			);
			path = Views;
			sourceTree = "<group>";
		};
/* End PBXGroup section */

/* Begin PBXNativeTarget section */
		C11FE0DB2BC6E413002D3BC3 /* Expolist */ = {
			isa = PBXNativeTarget;
			buildConfigurationList = C11FE0F02BC6E415002D3BC3 /* Build configuration list for PBXNativeTarget "Expolist" */;
			buildPhases = (
				C11FE0D82BC6E413002D3BC3 /* Sources */,
				C11FE0D92BC6E413002D3BC3 /* Frameworks */,
				C11FE0DA2BC6E413002D3BC3 /* Resources */,
				C18D31502BE34931009CC939 /* Increment Build Number */,
			);
			buildRules = (
			);
			dependencies = (
			);
			name = Expolist;
			packageProductDependencies = (
				C1244C252BDDD1EE0099F313 /* MBProgressHUD */,
			);
			productName = Expolist;
			productReference = C11FE0DC2BC6E413002D3BC3 /* Expolist.app */;
			productType = "com.apple.product-type.application";
		};
/* End PBXNativeTarget section */

/* Begin PBXProject section */
		C11FE0D42BC6E413002D3BC3 /* Project object */ = {
			isa = PBXProject;
			attributes = {
				BuildIndependentTargetsInParallel = 1;
				LastSwiftUpdateCheck = 1500;
				LastUpgradeCheck = 1500;
				TargetAttributes = {
					C11FE0DB2BC6E413002D3BC3 = {
						CreatedOnToolsVersion = 15.0.1;
					};
				};
			};
			buildConfigurationList = C11FE0D72BC6E413002D3BC3 /* Build configuration list for PBXProject "Expolist" */;
			compatibilityVersion = "Xcode 15.0";
			developmentRegion = en;
			hasScannedForEncodings = 0;
			knownRegions = (
				en,
				Base,
			);
			mainGroup = C11FE0D32BC6E413002D3BC3;
			packageReferences = (
				C1244C242BDDD1EE0099F313 /* XCRemoteSwiftPackageReference "MBProgressHUD" */,
			);
			productRefGroup = C11FE0DD2BC6E413002D3BC3 /* Products */;
			projectDirPath = "";
			projectRoot = "";
			targets = (
				C11FE0DB2BC6E413002D3BC3 /* Expolist */,
			);
		};
/* End PBXProject section */

/* Begin PBXResourcesBuildPhase section */
		C11FE0DA2BC6E413002D3BC3 /* Resources */ = {
			isa = PBXResourcesBuildPhase;
			buildActionMask = 2147483647;
			files = (
				C11FE0EC2BC6E415002D3BC3 /* LaunchScreen.storyboard in Resources */,
				C1244C2D2BDDE2820099F313 /* Products.json in Resources */,
				C1244C322BDDE6B50099F313 /* ProductTableCell.xib in Resources */,
				C1E3C9102BE7129900AD8BE3 /* GroceryListViewController.xib in Resources */,
				C1E3C90C2BE6FA7B00AD8BE3 /* GroceryListsCell.xib in Resources */,
				C1244C3D2BE2F5FB0099F313 /* LocationsViewController.xib in Resources */,
				C11FE0E92BC6E415002D3BC3 /* Assets.xcassets in Resources */,
				C1561EA82BE7E98100690952 /* CircleMembersViewController.xib in Resources */,
				C1D5A3C92BE46315007DCD53 /* GroceryListsViewController.xib in Resources */,
				C1244C1F2BDDCF940099F313 /* ExpiredProductsViewController.xib in Resources */,
				C1561E9F2BE7E2C000690952 /* GroceryListCell.xib in Resources */,
				C1561EB12BE7FC3C00690952 /* CircleMemberCell.xib in Resources */,
			);
			runOnlyForDeploymentPostprocessing = 0;
		};
/* End PBXResourcesBuildPhase section */

/* Begin PBXShellScriptBuildPhase section */
		C18D31502BE34931009CC939 /* Increment Build Number */ = {
			isa = PBXShellScriptBuildPhase;
			buildActionMask = 2147483647;
			files = (
			);
			inputFileListPaths = (
			);
			inputPaths = (
			);
			name = "Increment Build Number";
			outputFileListPaths = (
			);
			outputPaths = (
			);
			runOnlyForDeploymentPostprocessing = 0;
			shellPath = /bin/sh;
			shellScript = "# Type a script or drag a script file from your workspace to insert its path.\ngit=$(sh /etc/profile; which git)\nnumber_of_commits=$(\"$git\" rev-list HEAD --count)\necho $number_of_commits\n\nbuild_date=$(date -u \"+%Y%m%d%H%M\")\necho $build_date\n\nfull_build_number=\"$build_date$number_of_commits\"\necho $full_build_number\n\ntarget_plist=\"$TARGET_BUILD_DIR/$INFOPLIST_PATH\"\ndsym_plist=\"$DWARF_DSYM_FOLDER_PATH/$DWARF_DSYM_FILE_NAME/Contents/Info.plist\"\n\nfor plist in \"$target_plist\" \"$dsym_plist\"; do\nif [ -f \"$plist\" ]; then\n/usr/libexec/PlistBuddy -c \"Set :CFBundleVersion $full_build_number\" \"$plist\"\nfi\ndone\n\n";
		};
/* End PBXShellScriptBuildPhase section */

/* Begin PBXSourcesBuildPhase section */
		C11FE0D82BC6E413002D3BC3 /* Sources */ = {
			isa = PBXSourcesBuildPhase;
			buildActionMask = 2147483647;
			files = (
				C1244C162BDDCA970099F313 /* ExpolistService.swift in Sources */,
				C1244C192BDDCB600099F313 /* DateFormatter+Extensions.swift in Sources */,
				C1561EA92BE7E98100690952 /* CircleMembersViewController.swift in Sources */,
				C129FD0F2BDDC2BF002440EB /* Product.swift in Sources */,
				C1D5A3D12BE46D1F007DCD53 /* GroceryService.swift in Sources */,
				C1244C342BDDE81A0099F313 /* UITableView+Extensions.swift in Sources */,
				C1E3C90B2BE6FA7B00AD8BE3 /* GroceryListsCell.swift in Sources */,
				C1244C212BDDD0AF0099F313 /* Reusable.swift in Sources */,
				C1561EAB2BE7F10F00690952 /* CircleMemberService.swift in Sources */,
				C1244C372BE2F51B0099F313 /* UIView+Extensions.swift in Sources */,
				C1561E9A2BE71E3600690952 /* GroceryListsViewModel.swift in Sources */,
				C1244C2A2BDDD6BE0099F313 /* ExpolistTabBarController.swift in Sources */,
				C1244C3C2BE2F5FB0099F313 /* LocationsViewController.swift in Sources */,
				C1244C232BDDD19D0099F313 /* ViewController+Extension.swift in Sources */,
				C1D5A3CF2BE46AF3007DCD53 /* GroceryList.swift in Sources */,
				C11FE0E02BC6E413002D3BC3 /* AppDelegate.swift in Sources */,
				C1D5A3C82BE46315007DCD53 /* GroceryListsViewController.swift in Sources */,
				C1244C1E2BDDCF940099F313 /* ExpiredProductsViewController.swift in Sources */,
				C1561E9C2BE71FC600690952 /* GroceryListViewModel.swift in Sources */,
				C1244C422BE331540099F313 /* LocationsViewModel.swift in Sources */,
				C1561EAE2BE7F3FE00690952 /* CircleMemberViewModel.swift in Sources */,
				C1E3C90F2BE7129900AD8BE3 /* GroceryListViewController.swift in Sources */,
				C1244C2C2BDDE01C0099F313 /* ExpiredProductsViewModel.swift in Sources */,
				C1561EA42BE7E8E500690952 /* CircleMember.swift in Sources */,
				C129FD0C2BDDC21B002440EB /* ProductService.swift in Sources */,
				C1244C312BDDE6B50099F313 /* ProductTableCell.swift in Sources */,
				C1244C3F2BE322A50099F313 /* StoreService.swift in Sources */,
				C1561EB22BE7FC3C00690952 /* CircleMemberCell.swift in Sources */,
				C1561EA02BE7E2C000690952 /* GroceryListCell.swift in Sources */,
			);
			runOnlyForDeploymentPostprocessing = 0;
		};
/* End PBXSourcesBuildPhase section */

/* Begin PBXVariantGroup section */
		C11FE0EA2BC6E415002D3BC3 /* LaunchScreen.storyboard */ = {
			isa = PBXVariantGroup;
			children = (
				C11FE0EB2BC6E415002D3BC3 /* Base */,
			);
			name = LaunchScreen.storyboard;
			sourceTree = "<group>";
		};
/* End PBXVariantGroup section */

/* Begin XCBuildConfiguration section */
		C11FE0EE2BC6E415002D3BC3 /* Debug */ = {
			isa = XCBuildConfiguration;
			buildSettings = {
				ALWAYS_SEARCH_USER_PATHS = NO;
				ASSETCATALOG_COMPILER_GENERATE_SWIFT_ASSET_SYMBOL_EXTENSIONS = YES;
				CLANG_ANALYZER_NONNULL = YES;
				CLANG_ANALYZER_NUMBER_OBJECT_CONVERSION = YES_AGGRESSIVE;
				CLANG_CXX_LANGUAGE_STANDARD = "gnu++20";
				CLANG_ENABLE_MODULES = YES;
				CLANG_ENABLE_OBJC_ARC = YES;
				CLANG_ENABLE_OBJC_WEAK = YES;
				CLANG_WARN_BLOCK_CAPTURE_AUTORELEASING = YES;
				CLANG_WARN_BOOL_CONVERSION = YES;
				CLANG_WARN_COMMA = YES;
				CLANG_WARN_CONSTANT_CONVERSION = YES;
				CLANG_WARN_DEPRECATED_OBJC_IMPLEMENTATIONS = YES;
				CLANG_WARN_DIRECT_OBJC_ISA_USAGE = YES_ERROR;
				CLANG_WARN_DOCUMENTATION_COMMENTS = YES;
				CLANG_WARN_EMPTY_BODY = YES;
				CLANG_WARN_ENUM_CONVERSION = YES;
				CLANG_WARN_INFINITE_RECURSION = YES;
				CLANG_WARN_INT_CONVERSION = YES;
				CLANG_WARN_NON_LITERAL_NULL_CONVERSION = YES;
				CLANG_WARN_OBJC_IMPLICIT_RETAIN_SELF = YES;
				CLANG_WARN_OBJC_LITERAL_CONVERSION = YES;
				CLANG_WARN_OBJC_ROOT_CLASS = YES_ERROR;
				CLANG_WARN_QUOTED_INCLUDE_IN_FRAMEWORK_HEADER = YES;
				CLANG_WARN_RANGE_LOOP_ANALYSIS = YES;
				CLANG_WARN_STRICT_PROTOTYPES = YES;
				CLANG_WARN_SUSPICIOUS_MOVE = YES;
				CLANG_WARN_UNGUARDED_AVAILABILITY = YES_AGGRESSIVE;
				CLANG_WARN_UNREACHABLE_CODE = YES;
				CLANG_WARN__DUPLICATE_METHOD_MATCH = YES;
				COPY_PHASE_STRIP = NO;
				DEBUG_INFORMATION_FORMAT = dwarf;
				ENABLE_STRICT_OBJC_MSGSEND = YES;
				ENABLE_TESTABILITY = YES;
				ENABLE_USER_SCRIPT_SANDBOXING = YES;
				GCC_C_LANGUAGE_STANDARD = gnu17;
				GCC_DYNAMIC_NO_PIC = NO;
				GCC_NO_COMMON_BLOCKS = YES;
				GCC_OPTIMIZATION_LEVEL = 0;
				GCC_PREPROCESSOR_DEFINITIONS = (
					"DEBUG=1",
					"$(inherited)",
				);
				GCC_WARN_64_TO_32_BIT_CONVERSION = YES;
				GCC_WARN_ABOUT_RETURN_TYPE = YES_ERROR;
				GCC_WARN_UNDECLARED_SELECTOR = YES;
				GCC_WARN_UNINITIALIZED_AUTOS = YES_AGGRESSIVE;
				GCC_WARN_UNUSED_FUNCTION = YES;
				GCC_WARN_UNUSED_VARIABLE = YES;
				IPHONEOS_DEPLOYMENT_TARGET = 17.0;
				LOCALIZATION_PREFERS_STRING_CATALOGS = YES;
				MTL_ENABLE_DEBUG_INFO = INCLUDE_SOURCE;
				MTL_FAST_MATH = YES;
				ONLY_ACTIVE_ARCH = YES;
				SDKROOT = iphoneos;
				SWIFT_ACTIVE_COMPILATION_CONDITIONS = "DEBUG $(inherited)";
				SWIFT_OPTIMIZATION_LEVEL = "-Onone";
			};
			name = Debug;
		};
		C11FE0EF2BC6E415002D3BC3 /* Release */ = {
			isa = XCBuildConfiguration;
			buildSettings = {
				ALWAYS_SEARCH_USER_PATHS = NO;
				ASSETCATALOG_COMPILER_GENERATE_SWIFT_ASSET_SYMBOL_EXTENSIONS = YES;
				CLANG_ANALYZER_NONNULL = YES;
				CLANG_ANALYZER_NUMBER_OBJECT_CONVERSION = YES_AGGRESSIVE;
				CLANG_CXX_LANGUAGE_STANDARD = "gnu++20";
				CLANG_ENABLE_MODULES = YES;
				CLANG_ENABLE_OBJC_ARC = YES;
				CLANG_ENABLE_OBJC_WEAK = YES;
				CLANG_WARN_BLOCK_CAPTURE_AUTORELEASING = YES;
				CLANG_WARN_BOOL_CONVERSION = YES;
				CLANG_WARN_COMMA = YES;
				CLANG_WARN_CONSTANT_CONVERSION = YES;
				CLANG_WARN_DEPRECATED_OBJC_IMPLEMENTATIONS = YES;
				CLANG_WARN_DIRECT_OBJC_ISA_USAGE = YES_ERROR;
				CLANG_WARN_DOCUMENTATION_COMMENTS = YES;
				CLANG_WARN_EMPTY_BODY = YES;
				CLANG_WARN_ENUM_CONVERSION = YES;
				CLANG_WARN_INFINITE_RECURSION = YES;
				CLANG_WARN_INT_CONVERSION = YES;
				CLANG_WARN_NON_LITERAL_NULL_CONVERSION = YES;
				CLANG_WARN_OBJC_IMPLICIT_RETAIN_SELF = YES;
				CLANG_WARN_OBJC_LITERAL_CONVERSION = YES;
				CLANG_WARN_OBJC_ROOT_CLASS = YES_ERROR;
				CLANG_WARN_QUOTED_INCLUDE_IN_FRAMEWORK_HEADER = YES;
				CLANG_WARN_RANGE_LOOP_ANALYSIS = YES;
				CLANG_WARN_STRICT_PROTOTYPES = YES;
				CLANG_WARN_SUSPICIOUS_MOVE = YES;
				CLANG_WARN_UNGUARDED_AVAILABILITY = YES_AGGRESSIVE;
				CLANG_WARN_UNREACHABLE_CODE = YES;
				CLANG_WARN__DUPLICATE_METHOD_MATCH = YES;
				COPY_PHASE_STRIP = NO;
				DEBUG_INFORMATION_FORMAT = "dwarf-with-dsym";
				ENABLE_NS_ASSERTIONS = NO;
				ENABLE_STRICT_OBJC_MSGSEND = YES;
				ENABLE_USER_SCRIPT_SANDBOXING = YES;
				GCC_C_LANGUAGE_STANDARD = gnu17;
				GCC_NO_COMMON_BLOCKS = YES;
				GCC_WARN_64_TO_32_BIT_CONVERSION = YES;
				GCC_WARN_ABOUT_RETURN_TYPE = YES_ERROR;
				GCC_WARN_UNDECLARED_SELECTOR = YES;
				GCC_WARN_UNINITIALIZED_AUTOS = YES_AGGRESSIVE;
				GCC_WARN_UNUSED_FUNCTION = YES;
				GCC_WARN_UNUSED_VARIABLE = YES;
				IPHONEOS_DEPLOYMENT_TARGET = 17.0;
				LOCALIZATION_PREFERS_STRING_CATALOGS = YES;
				MTL_ENABLE_DEBUG_INFO = NO;
				MTL_FAST_MATH = YES;
				SDKROOT = iphoneos;
				SWIFT_COMPILATION_MODE = wholemodule;
				VALIDATE_PRODUCT = YES;
			};
			name = Release;
		};
		C11FE0F12BC6E415002D3BC3 /* Debug */ = {
			isa = XCBuildConfiguration;
			buildSettings = {
				ASSETCATALOG_COMPILER_APPICON_NAME = AppIcon;
				ASSETCATALOG_COMPILER_GLOBAL_ACCENT_COLOR_NAME = AccentColor;
				ASSETCATALOG_COMPILER_INCLUDE_ALL_APPICON_ASSETS = NO;
				CODE_SIGN_STYLE = Automatic;
				CURRENT_PROJECT_VERSION = 1;
				DEVELOPMENT_TEAM = 7JHZYSSPWH;
				ENABLE_USER_SCRIPT_SANDBOXING = NO;
				GENERATE_INFOPLIST_FILE = YES;
				INFOPLIST_FILE = Expolist/Info.plist;
				INFOPLIST_KEY_NSLocationAlwaysUsageDescription = "Location needed to find stores";
				INFOPLIST_KEY_NSLocationWhenInUseUsageDescription = "Location need to find stores";
				INFOPLIST_KEY_UILaunchStoryboardName = LaunchScreen;
				INFOPLIST_KEY_UISupportedInterfaceOrientations_iPad = "UIInterfaceOrientationPortrait UIInterfaceOrientationPortraitUpsideDown UIInterfaceOrientationLandscapeLeft UIInterfaceOrientationLandscapeRight";
				INFOPLIST_KEY_UISupportedInterfaceOrientations_iPhone = "UIInterfaceOrientationPortrait UIInterfaceOrientationLandscapeLeft UIInterfaceOrientationLandscapeRight";
				INFOPLIST_PREPROCESS = NO;
				LD_RUNPATH_SEARCH_PATHS = (
					"$(inherited)",
					"@executable_path/Frameworks",
				);
				MARKETING_VERSION = 1.0;
				PRODUCT_BUNDLE_IDENTIFIER = com.largen.Expolist;
				PRODUCT_NAME = "$(TARGET_NAME)";
				SUPPORTED_PLATFORMS = "iphoneos iphonesimulator";
				SUPPORTS_MACCATALYST = NO;
				SUPPORTS_MAC_DESIGNED_FOR_IPHONE_IPAD = NO;
				SUPPORTS_XR_DESIGNED_FOR_IPHONE_IPAD = NO;
				SWIFT_EMIT_LOC_STRINGS = YES;
				SWIFT_VERSION = 5.0;
				TARGETED_DEVICE_FAMILY = "1,2";
			};
			name = Debug;
		};
		C11FE0F22BC6E415002D3BC3 /* Release */ = {
			isa = XCBuildConfiguration;
			buildSettings = {
				ASSETCATALOG_COMPILER_APPICON_NAME = AppIcon;
				ASSETCATALOG_COMPILER_GLOBAL_ACCENT_COLOR_NAME = AccentColor;
				ASSETCATALOG_COMPILER_INCLUDE_ALL_APPICON_ASSETS = NO;
				CODE_SIGN_STYLE = Automatic;
				CURRENT_PROJECT_VERSION = 1;
				DEVELOPMENT_TEAM = 7JHZYSSPWH;
				ENABLE_USER_SCRIPT_SANDBOXING = NO;
				GENERATE_INFOPLIST_FILE = YES;
				INFOPLIST_FILE = Expolist/Info.plist;
				INFOPLIST_KEY_NSLocationAlwaysUsageDescription = "Location needed to find stores";
				INFOPLIST_KEY_NSLocationWhenInUseUsageDescription = "Location need to find stores";
				INFOPLIST_KEY_UILaunchStoryboardName = LaunchScreen;
				INFOPLIST_KEY_UISupportedInterfaceOrientations_iPad = "UIInterfaceOrientationPortrait UIInterfaceOrientationPortraitUpsideDown UIInterfaceOrientationLandscapeLeft UIInterfaceOrientationLandscapeRight";
				INFOPLIST_KEY_UISupportedInterfaceOrientations_iPhone = "UIInterfaceOrientationPortrait UIInterfaceOrientationLandscapeLeft UIInterfaceOrientationLandscapeRight";
				INFOPLIST_PREPROCESS = NO;
				LD_RUNPATH_SEARCH_PATHS = (
					"$(inherited)",
					"@executable_path/Frameworks",
				);
				MARKETING_VERSION = 1.0;
				PRODUCT_BUNDLE_IDENTIFIER = com.largen.Expolist;
				PRODUCT_NAME = "$(TARGET_NAME)";
				SUPPORTED_PLATFORMS = "iphoneos iphonesimulator";
				SUPPORTS_MACCATALYST = NO;
				SUPPORTS_MAC_DESIGNED_FOR_IPHONE_IPAD = NO;
				SUPPORTS_XR_DESIGNED_FOR_IPHONE_IPAD = NO;
				SWIFT_EMIT_LOC_STRINGS = YES;
				SWIFT_VERSION = 5.0;
				TARGETED_DEVICE_FAMILY = "1,2";
			};
			name = Release;
		};
		C1244C432BE342700099F313 /* Adhoc */ = {
			isa = XCBuildConfiguration;
			buildSettings = {
				ALWAYS_SEARCH_USER_PATHS = NO;
				ASSETCATALOG_COMPILER_GENERATE_SWIFT_ASSET_SYMBOL_EXTENSIONS = YES;
				CLANG_ANALYZER_NONNULL = YES;
				CLANG_ANALYZER_NUMBER_OBJECT_CONVERSION = YES_AGGRESSIVE;
				CLANG_CXX_LANGUAGE_STANDARD = "gnu++20";
				CLANG_ENABLE_MODULES = YES;
				CLANG_ENABLE_OBJC_ARC = YES;
				CLANG_ENABLE_OBJC_WEAK = YES;
				CLANG_WARN_BLOCK_CAPTURE_AUTORELEASING = YES;
				CLANG_WARN_BOOL_CONVERSION = YES;
				CLANG_WARN_COMMA = YES;
				CLANG_WARN_CONSTANT_CONVERSION = YES;
				CLANG_WARN_DEPRECATED_OBJC_IMPLEMENTATIONS = YES;
				CLANG_WARN_DIRECT_OBJC_ISA_USAGE = YES_ERROR;
				CLANG_WARN_DOCUMENTATION_COMMENTS = YES;
				CLANG_WARN_EMPTY_BODY = YES;
				CLANG_WARN_ENUM_CONVERSION = YES;
				CLANG_WARN_INFINITE_RECURSION = YES;
				CLANG_WARN_INT_CONVERSION = YES;
				CLANG_WARN_NON_LITERAL_NULL_CONVERSION = YES;
				CLANG_WARN_OBJC_IMPLICIT_RETAIN_SELF = YES;
				CLANG_WARN_OBJC_LITERAL_CONVERSION = YES;
				CLANG_WARN_OBJC_ROOT_CLASS = YES_ERROR;
				CLANG_WARN_QUOTED_INCLUDE_IN_FRAMEWORK_HEADER = YES;
				CLANG_WARN_RANGE_LOOP_ANALYSIS = YES;
				CLANG_WARN_STRICT_PROTOTYPES = YES;
				CLANG_WARN_SUSPICIOUS_MOVE = YES;
				CLANG_WARN_UNGUARDED_AVAILABILITY = YES_AGGRESSIVE;
				CLANG_WARN_UNREACHABLE_CODE = YES;
				CLANG_WARN__DUPLICATE_METHOD_MATCH = YES;
				COPY_PHASE_STRIP = NO;
				DEBUG_INFORMATION_FORMAT = "dwarf-with-dsym";
				ENABLE_NS_ASSERTIONS = NO;
				ENABLE_STRICT_OBJC_MSGSEND = YES;
				ENABLE_USER_SCRIPT_SANDBOXING = YES;
				GCC_C_LANGUAGE_STANDARD = gnu17;
				GCC_NO_COMMON_BLOCKS = YES;
				GCC_WARN_64_TO_32_BIT_CONVERSION = YES;
				GCC_WARN_ABOUT_RETURN_TYPE = YES_ERROR;
				GCC_WARN_UNDECLARED_SELECTOR = YES;
				GCC_WARN_UNINITIALIZED_AUTOS = YES_AGGRESSIVE;
				GCC_WARN_UNUSED_FUNCTION = YES;
				GCC_WARN_UNUSED_VARIABLE = YES;
				IPHONEOS_DEPLOYMENT_TARGET = 17.0;
				LOCALIZATION_PREFERS_STRING_CATALOGS = YES;
				MTL_ENABLE_DEBUG_INFO = NO;
				MTL_FAST_MATH = YES;
				SDKROOT = iphoneos;
				SWIFT_COMPILATION_MODE = wholemodule;
				VALIDATE_PRODUCT = YES;
			};
			name = Adhoc;
		};
		C1244C442BE342700099F313 /* Adhoc */ = {
			isa = XCBuildConfiguration;
			buildSettings = {
				ASSETCATALOG_COMPILER_APPICON_NAME = AppIcon;
				ASSETCATALOG_COMPILER_GLOBAL_ACCENT_COLOR_NAME = AccentColor;
				ASSETCATALOG_COMPILER_INCLUDE_ALL_APPICON_ASSETS = NO;
				CODE_SIGN_STYLE = Automatic;
				CURRENT_PROJECT_VERSION = 1;
				DEVELOPMENT_TEAM = 7JHZYSSPWH;
				ENABLE_USER_SCRIPT_SANDBOXING = NO;
				GENERATE_INFOPLIST_FILE = YES;
				INFOPLIST_FILE = Expolist/Info.plist;
				INFOPLIST_KEY_NSLocationAlwaysUsageDescription = "Location needed to find stores";
				INFOPLIST_KEY_NSLocationWhenInUseUsageDescription = "Location need to find stores";
				INFOPLIST_KEY_UILaunchStoryboardName = LaunchScreen;
				INFOPLIST_KEY_UISupportedInterfaceOrientations_iPad = "UIInterfaceOrientationPortrait UIInterfaceOrientationPortraitUpsideDown UIInterfaceOrientationLandscapeLeft UIInterfaceOrientationLandscapeRight";
				INFOPLIST_KEY_UISupportedInterfaceOrientations_iPhone = "UIInterfaceOrientationPortrait UIInterfaceOrientationLandscapeLeft UIInterfaceOrientationLandscapeRight";
				INFOPLIST_PREPROCESS = NO;
				LD_RUNPATH_SEARCH_PATHS = (
					"$(inherited)",
					"@executable_path/Frameworks",
				);
				MARKETING_VERSION = 1.0;
				PRODUCT_BUNDLE_IDENTIFIER = com.largen.Expolist;
				PRODUCT_NAME = "$(TARGET_NAME)";
				SUPPORTED_PLATFORMS = "iphoneos iphonesimulator";
				SUPPORTS_MACCATALYST = NO;
				SUPPORTS_MAC_DESIGNED_FOR_IPHONE_IPAD = NO;
				SUPPORTS_XR_DESIGNED_FOR_IPHONE_IPAD = NO;
				SWIFT_EMIT_LOC_STRINGS = YES;
				SWIFT_VERSION = 5.0;
				TARGETED_DEVICE_FAMILY = "1,2";
			};
			name = Adhoc;
		};
/* End XCBuildConfiguration section */

/* Begin XCConfigurationList section */
		C11FE0D72BC6E413002D3BC3 /* Build configuration list for PBXProject "Expolist" */ = {
			isa = XCConfigurationList;
			buildConfigurations = (
				C11FE0EE2BC6E415002D3BC3 /* Debug */,
				C11FE0EF2BC6E415002D3BC3 /* Release */,
				C1244C432BE342700099F313 /* Adhoc */,
			);
			defaultConfigurationIsVisible = 0;
			defaultConfigurationName = Release;
		};
		C11FE0F02BC6E415002D3BC3 /* Build configuration list for PBXNativeTarget "Expolist" */ = {
			isa = XCConfigurationList;
			buildConfigurations = (
				C11FE0F12BC6E415002D3BC3 /* Debug */,
				C11FE0F22BC6E415002D3BC3 /* Release */,
				C1244C442BE342700099F313 /* Adhoc */,
			);
			defaultConfigurationIsVisible = 0;
			defaultConfigurationName = Release;
		};
/* End XCConfigurationList section */

/* Begin XCRemoteSwiftPackageReference section */
		C1244C242BDDD1EE0099F313 /* XCRemoteSwiftPackageReference "MBProgressHUD" */ = {
			isa = XCRemoteSwiftPackageReference;
			repositoryURL = "https://github.com/jdg/MBProgressHUD.git";
			requirement = {
				kind = upToNextMajorVersion;
				minimumVersion = 1.2.0;
			};
		};
/* End XCRemoteSwiftPackageReference section */

/* Begin XCSwiftPackageProductDependency section */
		C1244C252BDDD1EE0099F313 /* MBProgressHUD */ = {
			isa = XCSwiftPackageProductDependency;
			package = C1244C242BDDD1EE0099F313 /* XCRemoteSwiftPackageReference "MBProgressHUD" */;
			productName = MBProgressHUD;
		};
/* End XCSwiftPackageProductDependency section */
	};
	rootObject = C11FE0D42BC6E413002D3BC3 /* Project object */;
}
